
Microsoft Visual Studio Solution File, Format Version 12.00
# Visual Studio 2013
VisualStudioVersion = 12.0.21005.1
MinimumVisualStudioVersion = 10.0.40219.1
Project("{FAE04EC0-301F-11D3-BF4B-00C04F79EFBC}") = "UX", "UX\UX.csproj", "{8B8C56AA-D9F3-464C-A216-15B4FF9410F0}"
EndProject
Project("{FAE04EC0-301F-11D3-BF4B-00C04F79EFBC}") = "Tests", "Tests\Tests.csproj", "{99392C61-B9D1-4239-938F-2BC89AA5DCB8}"
EndProject
Project("{FAE04EC0-301F-11D3-BF4B-00C04F79EFBC}") = "Web", "Web\Web.csproj", "{E27628EA-FE80-4165-915B-775B75776BA4}"
EndProject
Project("{2150E333-8FDC-42A3-9474-1A3956D46DE8}") = "Solution Items", "Solution Items", "{9A97E8EB-9699-4C9E-9CAA-486C4986ADF6}"
	ProjectSection(SolutionItems) = preProject
		.gitignore = .gitignore
		gruntfile.js = gruntfile.js
		package.json = package.json
	EndProjectSection
EndProject
Project("{FAE04EC0-301F-11D3-BF4B-00C04F79EFBC}") = "JavaScriptTests", "JavaScriptTests\JavaScriptTests.csproj", "{76104AE4-6023-43AB-AE03-A9142DF27EBC}"
EndProject
Project("{2150E333-8FDC-42A3-9474-1A3956D46DE8}") = "Cordova", "Cordova", "{BAF93A79-7D64-4202-877C-706754FF099C}"
	ProjectSection(SolutionItems) = preProject
		cordova\www\Scripts\config.js = cordova\www\Scripts\config.js
		cordova\www\Index.html = cordova\www\Index.html
	EndProjectSection
EndProject
Global
	GlobalSection(SolutionConfigurationPlatforms) = preSolution
		Debug|Any CPU = Debug|Any CPU
		Release|Any CPU = Release|Any CPU
	EndGlobalSection
	GlobalSection(ProjectConfigurationPlatforms) = postSolution
		{8B8C56AA-D9F3-464C-A216-15B4FF9410F0}.Debug|Any CPU.ActiveCfg = Debug|Any CPU
		{8B8C56AA-D9F3-464C-A216-15B4FF9410F0}.Debug|Any CPU.Build.0 = Debug|Any CPU
		{8B8C56AA-D9F3-464C-A216-15B4FF9410F0}.Release|Any CPU.ActiveCfg = Release|Any CPU
		{8B8C56AA-D9F3-464C-A216-15B4FF9410F0}.Release|Any CPU.Build.0 = Release|Any CPU
		{99392C61-B9D1-4239-938F-2BC89AA5DCB8}.Debug|Any CPU.ActiveCfg = Debug|Any CPU
		{99392C61-B9D1-4239-938F-2BC89AA5DCB8}.Debug|Any CPU.Build.0 = Debug|Any CPU
		{99392C61-B9D1-4239-938F-2BC89AA5DCB8}.Release|Any CPU.ActiveCfg = Release|Any CPU
		{99392C61-B9D1-4239-938F-2BC89AA5DCB8}.Release|Any CPU.Build.0 = Release|Any CPU
		{E27628EA-FE80-4165-915B-775B75776BA4}.Debug|Any CPU.ActiveCfg = Debug|Any CPU
		{E27628EA-FE80-4165-915B-775B75776BA4}.Debug|Any CPU.Build.0 = Debug|Any CPU
		{E27628EA-FE80-4165-915B-775B75776BA4}.Release|Any CPU.ActiveCfg = Release|Any CPU
		{E27628EA-FE80-4165-915B-775B75776BA4}.Release|Any CPU.Build.0 = Release|Any CPU
		{76104AE4-6023-43AB-AE03-A9142DF27EBC}.Debug|Any CPU.ActiveCfg = Debug|Any CPU
		{76104AE4-6023-43AB-AE03-A9142DF27EBC}.Debug|Any CPU.Build.0 = Debug|Any CPU
		{76104AE4-6023-43AB-AE03-A9142DF27EBC}.Release|Any CPU.ActiveCfg = Release|Any CPU
		{76104AE4-6023-43AB-AE03-A9142DF27EBC}.Release|Any CPU.Build.0 = Release|Any CPU
	EndGlobalSection
	GlobalSection(SolutionProperties) = preSolution
		HideSolutionNode = FALSE
	EndGlobalSection
	GlobalSection(NestedProjects) = preSolution
		{BAF93A79-7D64-4202-877C-706754FF099C} = {9A97E8EB-9699-4C9E-9CAA-486C4986ADF6}
	EndGlobalSection
EndGlobal
