{
  "version": 4,
  "terraform_version": "1.3.9",
  "serial": 15,
  "lineage": "f1755527-3db3-2239-f118-515849a84963",
  "outputs": {
    "organization_domain_name": {
      "value": "readeveryword.com",
      "type": "string"
    },
    "organization_resource_group_name": {
      "value": "rg-organization-xqcdqkfijnvbdshirg",
      "type": "string"
    }
  },
  "resources": [
    {
      "mode": "data",
      "type": "azurerm_client_config",
      "name": "current",
      "provider": "provider[\"registry.terraform.io/hashicorp/azurerm\"]",
      "instances": [
        {
          "schema_version": 0,
          "attributes": {
            "client_id": "83ae72e9-21a8-437d-bd8c-b5520a542208",
            "id": "Y2xpZW50Q29uZmlncy9jbGllbnRJZD04M2FlNzJlOS0yMWE4LTQzN2QtYmQ4Yy1iNTUyMGE1NDIyMDg7b2JqZWN0SWQ9YjkxNDBmNDEtZTIzNS00ZTk0LTk1NmItZTZmZTllMjgzNWE5O3N1YnNjcmlwdGlvbklkPTBhYWFkMzNmLTNiNDEtNDc0MC04NTIyLTFjZTFmYWJlN2U1Njt0ZW5hbnRJZD1mMjI2N2MyZS01YTU0LTQ5ZjQtODRmYS1lNGYyZjQwMzhhMmU=",
            "object_id": "b9140f41-e235-4e94-956b-e6fe9e2835a9",
            "subscription_id": "0aaad33f-3b41-4740-8522-1ce1fabe7e56",
            "tenant_id": "f2267c2e-5a54-49f4-84fa-e4f2f4038a2e",
            "timeouts": null
          },
          "sensitive_attributes": []
        }
      ]
    },
    {
      "mode": "managed",
      "type": "azurecaf_name",
      "name": "names",
      "provider": "provider[\"registry.terraform.io/aztfmod/azurecaf\"]",
      "instances": [
        {
          "index_key": "0",
          "schema_version": 3,
          "attributes": {
            "clean_input": true,
            "id": "wujrabewxvowtqoa",
            "name": "organization",
            "passthrough": false,
            "prefixes": [],
            "random_length": 18,
            "random_seed": null,
            "resource_type": "azurerm_resource_group",
            "resource_types": null,
            "result": "rg-organization-xqcdqkfijnvbdshirg",
            "results": {},
            "separator": "-",
            "suffixes": [],
            "use_slug": true
          },
          "sensitive_attributes": [],
          "private": "eyJzY2hlbWFfdmVyc2lvbiI6IjMifQ=="
        }
      ]
    },
    {
      "mode": "managed",
      "type": "azurerm_dns_zone",
      "name": "this",
      "provider": "provider[\"registry.terraform.io/hashicorp/azurerm\"]",
      "instances": [
        {
          "schema_version": 2,
          "attributes": {
            "id": "/subscriptions/0aaad33f-3b41-4740-8522-1ce1fabe7e56/resourceGroups/rg-organization-xqcdqkfijnvbdshirg/providers/Microsoft.Network/dnsZones/readeveryword.com",
            "max_number_of_record_sets": 10000,
            "name": "readeveryword.com",
            "name_servers": [
              "ns1-04.azure-dns.com.",
              "ns2-04.azure-dns.net.",
              "ns3-04.azure-dns.org.",
              "ns4-04.azure-dns.info."
            ],
            "number_of_record_sets": 2,
            "resource_group_name": "rg-organization-xqcdqkfijnvbdshirg",
            "soa_record": [
              {
                "email": "azuredns-hostmaster.microsoft.com",
                "expire_time": 2419200,
                "fqdn": "readeveryword.com.",
                "host_name": "ns1-04.azure-dns.com.",
                "minimum_ttl": 300,
                "refresh_time": 3600,
                "retry_time": 300,
                "serial_number": 1,
                "tags": {},
                "ttl": 3600
              }
            ],
            "tags": {
              "location": "centralus",
              "state_file": "readeveryword/shared/terraform.tfstate",
              "state_storage_account_name": "rewtfstatestorage"
            },
            "timeouts": null
          },
          "sensitive_attributes": [],
          "private": "eyJlMmJmYjczMC1lY2FhLTExZTYtOGY4OC0zNDM2M2JjN2M0YzAiOnsiY3JlYXRlIjoxODAwMDAwMDAwMDAwLCJkZWxldGUiOjE4MDAwMDAwMDAwMDAsInJlYWQiOjMwMDAwMDAwMDAwMCwidXBkYXRlIjoxODAwMDAwMDAwMDAwfSwic2NoZW1hX3ZlcnNpb24iOiIyIn0=",
          "dependencies": [
            "azurecaf_name.names",
            "azurerm_resource_group.this"
          ]
        }
      ]
    },
    {
      "mode": "managed",
      "type": "azurerm_resource_group",
      "name": "this",
      "provider": "provider[\"registry.terraform.io/hashicorp/azurerm\"]",
      "instances": [
        {
          "schema_version": 0,
          "attributes": {
            "id": "/subscriptions/0aaad33f-3b41-4740-8522-1ce1fabe7e56/resourceGroups/rg-organization-xqcdqkfijnvbdshirg",
            "location": "centralus",
            "managed_by": "",
            "name": "rg-organization-xqcdqkfijnvbdshirg",
            "tags": {
              "location": "centralus",
              "state_file": "readeveryword/shared/terraform.tfstate",
              "state_storage_account_name": "rewtfstatestorage"
            },
            "timeouts": null
          },
          "sensitive_attributes": [],
          "private": "eyJlMmJmYjczMC1lY2FhLTExZTYtOGY4OC0zNDM2M2JjN2M0YzAiOnsiY3JlYXRlIjo1NDAwMDAwMDAwMDAwLCJkZWxldGUiOjU0MDAwMDAwMDAwMDAsInJlYWQiOjMwMDAwMDAwMDAwMCwidXBkYXRlIjo1NDAwMDAwMDAwMDAwfX0=",
          "dependencies": [
            "azurecaf_name.names"
          ]
        }
      ]
    }
  ],
  "check_results": null
}
